
Microsoft Visual Studio Solution File, Format Version 12.00
# Visual Studio 15
VisualStudioVersion = 15.0.28307.902
MinimumVisualStudioVersion = 10.0.40219.1
Project("{FAE04EC0-301F-11D3-BF4B-00C04F79EFBC}") = "WebNetCoreApp", "WebNetCoreApp\WebNetCoreApp.csproj", "{D240910B-2B5C-43F3-934D-732D66B7DE73}"
EndProject
Global
	GlobalSection(SolutionConfigurationPlatforms) = preSolution
		Debug|Any CPU = Debug|Any CPU
		Release|Any CPU = Release|Any CPU
	EndGlobalSection
	GlobalSection(ProjectConfigurationPlatforms) = postSolution
		{D240910B-2B5C-43F3-934D-732D66B7DE73}.Debug|Any CPU.ActiveCfg = Debug|Any CPU
		{D240910B-2B5C-43F3-934D-732D66B7DE73}.Debug|Any CPU.Build.0 = Debug|Any CPU
		{D240910B-2B5C-43F3-934D-732D66B7DE73}.Release|Any CPU.ActiveCfg = Release|Any CPU
		{D240910B-2B5C-43F3-934D-732D66B7DE73}.Release|Any CPU.Build.0 = Release|Any CPU
	EndGlobalSection
	GlobalSection(SolutionProperties) = preSolution
		HideSolutionNode = FALSE
	EndGlobalSection
	GlobalSection(ExtensibilityGlobals) = postSolution
		SolutionGuid = {26CB2EB6-7972-4046-9C00-1F9C8826FF48}
	EndGlobalSection
EndGlobal
